
Microsoft Visual Studio Solution File, Format Version 12.00
# Visual Studio Version 17
VisualStudioVersion = 17.10.35201.131
MinimumVisualStudioVersion = 10.0.40219.1
Project("{2150E333-8FDC-42A3-9474-1A3956D46DE8}") = "1 - CortezosWorkshop", "1 - CortezosWorkshop", "{DA1177B1-3BCB-4BEC-BD37-34460A5D5FC3}"
EndProject
Project("{2150E333-8FDC-42A3-9474-1A3956D46DE8}") = "2 - Armory", "2 - Armory", "{5B7FDF11-6B15-48CA-898B-6C1E40C3FC47}"
EndProject
Project("{2150E333-8FDC-42A3-9474-1A3956D46DE8}") = "0 - TheSkavengers", "0 - TheSkavengers", "{03BD4607-E2B8-4BF8-A06C-E1C7A48F9A8A}"
EndProject
Project("{9A19103F-16F7-4668-BE54-9A1E7A4F7556}") = "1-Domain.TheSkavengers", "1-Domain.TheSkavengers\1-Domain.TheSkavengers.csproj", "{69A66FD1-A28E-4E46-AB7D-4E6339F05C53}"
EndProject
Project("{9A19103F-16F7-4668-BE54-9A1E7A4F7556}") = "2-Application.Armory", "2-Application.Armory\2-Application.Armory.csproj", "{ABF4D755-038B-475B-ABBD-4BAA113E599E}"
EndProject
Project("{9A19103F-16F7-4668-BE54-9A1E7A4F7556}") = "3-Mappers.Armory", "3-Mappers.Armory\3-Mappers.Armory.csproj", "{E3B92AD0-9DA0-439B-AEAD-DDC105D9EBC0}"
EndProject
Project("{9A19103F-16F7-4668-BE54-9A1E7A4F7556}") = "3-Presenters.Armory", "3-Presenters.Armory\3-Presenters.Armory.csproj", "{5456A9E1-BA7D-4BF5-A0D7-6B37FA0B4E6B}"
EndProject
Project("{9A19103F-16F7-4668-BE54-9A1E7A4F7556}") = "2-Application.TheSkavengers", "2-Application.TheSkavengers\2-Application.TheSkavengers.csproj", "{DFFB0E3D-E949-4BBE-B520-2DB30C6E8899}"
EndProject
Project("{9A19103F-16F7-4668-BE54-9A1E7A4F7556}") = "3-Encrypters.TheSkavengers", "3-Encrypters.TheSkavengers\3-Encrypters.TheSkavengers.csproj", "{3E8BC176-62EE-49F2-98A8-3FFD7AE3F4C8}"
EndProject
Project("{9A19103F-16F7-4668-BE54-9A1E7A4F7556}") = "3-SoundSystem.TheSkavengers", "3-SoundSystem.TheSkavengers\3-SoundSystem.TheSkavengers.csproj", "{4820C0C9-7F0E-4069-8738-4F5232096999}"
EndProject
Project("{9A19103F-16F7-4668-BE54-9A1E7A4F7556}") = "1-Domain.CortezosWorkshop", "1-Domain.CortezosWorkshop\1-Domain.CortezosWorkshop.csproj", "{3D5134B3-4486-4AC8-9429-B2288F12A74D}"
EndProject
Project("{9A19103F-16F7-4668-BE54-9A1E7A4F7556}") = "2-Application.CortezosWorkshop", "2-Application.CortezosWorkshop\2-Application.CortezosWorkshop.csproj", "{2E96E67F-6BAA-40E3-8DE5-F781730CB22E}"
EndProject
Project("{9A19103F-16F7-4668-BE54-9A1E7A4F7556}") = "3-Data.CortezosWorkshop", "3-Data.CortezosWorkshop\3-Data.CortezosWorkshop.csproj", "{DF1DFCBB-79BB-470A-A1BE-5E731043717F}"
EndProject
Project("{9A19103F-16F7-4668-BE54-9A1E7A4F7556}") = "3-Loggers.CortezosWorkshop", "3-Loggers.CortezosWorkshop\3-Loggers.CortezosWorkshop.csproj", "{5019E37D-5FF3-4D47-ADBD-B657B7D3E185}"
EndProject
Project("{9A19103F-16F7-4668-BE54-9A1E7A4F7556}") = "3-Mappers.CortezosWorkshop", "3-Mappers.CortezosWorkshop\3-Mappers.CortezosWorkshop.csproj", "{EA10DD4D-2012-4B94-81AA-7D1F003B5D5B}"
EndProject
Project("{9A19103F-16F7-4668-BE54-9A1E7A4F7556}") = "3-Presenters.CortezosWorkshop", "3-Presenters.CortezosWorkshop\3-Presenters.CortezosWorkshop.csproj", "{F0D4321A-7549-4F22-B689-67F486CA305A}"
EndProject
Project("{9A19103F-16F7-4668-BE54-9A1E7A4F7556}") = "3-Repository.CortezosWorkshop", "3-Repository.CortezosWorkshop\3-Repository.CortezosWorkshop.csproj", "{1CD52557-8E8E-4DFD-83E8-D439DA456F26}"
EndProject
Project("{9A19103F-16F7-4668-BE54-9A1E7A4F7556}") = "Forms.Armory", "Forms.Armory\Forms.Armory.csproj", "{DAD06E40-014D-4E9C-A698-9A0AACED030A}"
EndProject
Project("{9A19103F-16F7-4668-BE54-9A1E7A4F7556}") = "Forms.CortezosWorkshop", "Forms.CortezosWorkshop\Forms.CortezosWorkshop.csproj", "{CFC9C9A0-1E9F-4882-971E-D882A877BA66}"
EndProject
Project("{9A19103F-16F7-4668-BE54-9A1E7A4F7556}") = "4-Resources.TheSkavengers", "4-Resources.TheSkavengers\4-Resources.TheSkavengers.csproj", "{F1881A59-1FCB-4364-B5BD-D44DC89894CC}"
EndProject
Project("{9A19103F-16F7-4668-BE54-9A1E7A4F7556}") = "Forms.TheSkavengers", "Forms.TheSkavengers\Forms.TheSkavengers.csproj", "{69657986-2662-4787-9122-87F1D4B6A917}"
EndProject
Global
	GlobalSection(SolutionConfigurationPlatforms) = preSolution
		Debug|Any CPU = Debug|Any CPU
		Release|Any CPU = Release|Any CPU
	EndGlobalSection
	GlobalSection(ProjectConfigurationPlatforms) = postSolution
		{69A66FD1-A28E-4E46-AB7D-4E6339F05C53}.Debug|Any CPU.ActiveCfg = Debug|Any CPU
		{69A66FD1-A28E-4E46-AB7D-4E6339F05C53}.Debug|Any CPU.Build.0 = Debug|Any CPU
		{69A66FD1-A28E-4E46-AB7D-4E6339F05C53}.Release|Any CPU.ActiveCfg = Release|Any CPU
		{69A66FD1-A28E-4E46-AB7D-4E6339F05C53}.Release|Any CPU.Build.0 = Release|Any CPU
		{ABF4D755-038B-475B-ABBD-4BAA113E599E}.Debug|Any CPU.ActiveCfg = Debug|Any CPU
		{ABF4D755-038B-475B-ABBD-4BAA113E599E}.Debug|Any CPU.Build.0 = Debug|Any CPU
		{ABF4D755-038B-475B-ABBD-4BAA113E599E}.Release|Any CPU.ActiveCfg = Release|Any CPU
		{ABF4D755-038B-475B-ABBD-4BAA113E599E}.Release|Any CPU.Build.0 = Release|Any CPU
		{E3B92AD0-9DA0-439B-AEAD-DDC105D9EBC0}.Debug|Any CPU.ActiveCfg = Debug|Any CPU
		{E3B92AD0-9DA0-439B-AEAD-DDC105D9EBC0}.Debug|Any CPU.Build.0 = Debug|Any CPU
		{E3B92AD0-9DA0-439B-AEAD-DDC105D9EBC0}.Release|Any CPU.ActiveCfg = Release|Any CPU
		{E3B92AD0-9DA0-439B-AEAD-DDC105D9EBC0}.Release|Any CPU.Build.0 = Release|Any CPU
		{5456A9E1-BA7D-4BF5-A0D7-6B37FA0B4E6B}.Debug|Any CPU.ActiveCfg = Debug|Any CPU
		{5456A9E1-BA7D-4BF5-A0D7-6B37FA0B4E6B}.Debug|Any CPU.Build.0 = Debug|Any CPU
		{5456A9E1-BA7D-4BF5-A0D7-6B37FA0B4E6B}.Release|Any CPU.ActiveCfg = Release|Any CPU
		{5456A9E1-BA7D-4BF5-A0D7-6B37FA0B4E6B}.Release|Any CPU.Build.0 = Release|Any CPU
		{DFFB0E3D-E949-4BBE-B520-2DB30C6E8899}.Debug|Any CPU.ActiveCfg = Debug|Any CPU
		{DFFB0E3D-E949-4BBE-B520-2DB30C6E8899}.Debug|Any CPU.Build.0 = Debug|Any CPU
		{DFFB0E3D-E949-4BBE-B520-2DB30C6E8899}.Release|Any CPU.ActiveCfg = Release|Any CPU
		{DFFB0E3D-E949-4BBE-B520-2DB30C6E8899}.Release|Any CPU.Build.0 = Release|Any CPU
		{3E8BC176-62EE-49F2-98A8-3FFD7AE3F4C8}.Debug|Any CPU.ActiveCfg = Debug|Any CPU
		{3E8BC176-62EE-49F2-98A8-3FFD7AE3F4C8}.Debug|Any CPU.Build.0 = Debug|Any CPU
		{3E8BC176-62EE-49F2-98A8-3FFD7AE3F4C8}.Release|Any CPU.ActiveCfg = Release|Any CPU
		{3E8BC176-62EE-49F2-98A8-3FFD7AE3F4C8}.Release|Any CPU.Build.0 = Release|Any CPU
		{4820C0C9-7F0E-4069-8738-4F5232096999}.Debug|Any CPU.ActiveCfg = Debug|Any CPU
		{4820C0C9-7F0E-4069-8738-4F5232096999}.Debug|Any CPU.Build.0 = Debug|Any CPU
		{4820C0C9-7F0E-4069-8738-4F5232096999}.Release|Any CPU.ActiveCfg = Release|Any CPU
		{4820C0C9-7F0E-4069-8738-4F5232096999}.Release|Any CPU.Build.0 = Release|Any CPU
		{3D5134B3-4486-4AC8-9429-B2288F12A74D}.Debug|Any CPU.ActiveCfg = Debug|Any CPU
		{3D5134B3-4486-4AC8-9429-B2288F12A74D}.Debug|Any CPU.Build.0 = Debug|Any CPU
		{3D5134B3-4486-4AC8-9429-B2288F12A74D}.Release|Any CPU.ActiveCfg = Release|Any CPU
		{3D5134B3-4486-4AC8-9429-B2288F12A74D}.Release|Any CPU.Build.0 = Release|Any CPU
		{2E96E67F-6BAA-40E3-8DE5-F781730CB22E}.Debug|Any CPU.ActiveCfg = Debug|Any CPU
		{2E96E67F-6BAA-40E3-8DE5-F781730CB22E}.Debug|Any CPU.Build.0 = Debug|Any CPU
		{2E96E67F-6BAA-40E3-8DE5-F781730CB22E}.Release|Any CPU.ActiveCfg = Release|Any CPU
		{2E96E67F-6BAA-40E3-8DE5-F781730CB22E}.Release|Any CPU.Build.0 = Release|Any CPU
		{DF1DFCBB-79BB-470A-A1BE-5E731043717F}.Debug|Any CPU.ActiveCfg = Debug|Any CPU
		{DF1DFCBB-79BB-470A-A1BE-5E731043717F}.Debug|Any CPU.Build.0 = Debug|Any CPU
		{DF1DFCBB-79BB-470A-A1BE-5E731043717F}.Release|Any CPU.ActiveCfg = Release|Any CPU
		{DF1DFCBB-79BB-470A-A1BE-5E731043717F}.Release|Any CPU.Build.0 = Release|Any CPU
		{5019E37D-5FF3-4D47-ADBD-B657B7D3E185}.Debug|Any CPU.ActiveCfg = Debug|Any CPU
		{5019E37D-5FF3-4D47-ADBD-B657B7D3E185}.Debug|Any CPU.Build.0 = Debug|Any CPU
		{5019E37D-5FF3-4D47-ADBD-B657B7D3E185}.Release|Any CPU.ActiveCfg = Release|Any CPU
		{5019E37D-5FF3-4D47-ADBD-B657B7D3E185}.Release|Any CPU.Build.0 = Release|Any CPU
		{EA10DD4D-2012-4B94-81AA-7D1F003B5D5B}.Debug|Any CPU.ActiveCfg = Debug|Any CPU
		{EA10DD4D-2012-4B94-81AA-7D1F003B5D5B}.Debug|Any CPU.Build.0 = Debug|Any CPU
		{EA10DD4D-2012-4B94-81AA-7D1F003B5D5B}.Release|Any CPU.ActiveCfg = Release|Any CPU
		{EA10DD4D-2012-4B94-81AA-7D1F003B5D5B}.Release|Any CPU.Build.0 = Release|Any CPU
		{F0D4321A-7549-4F22-B689-67F486CA305A}.Debug|Any CPU.ActiveCfg = Debug|Any CPU
		{F0D4321A-7549-4F22-B689-67F486CA305A}.Debug|Any CPU.Build.0 = Debug|Any CPU
		{F0D4321A-7549-4F22-B689-67F486CA305A}.Release|Any CPU.ActiveCfg = Release|Any CPU
		{F0D4321A-7549-4F22-B689-67F486CA305A}.Release|Any CPU.Build.0 = Release|Any CPU
		{1CD52557-8E8E-4DFD-83E8-D439DA456F26}.Debug|Any CPU.ActiveCfg = Debug|Any CPU
		{1CD52557-8E8E-4DFD-83E8-D439DA456F26}.Debug|Any CPU.Build.0 = Debug|Any CPU
		{1CD52557-8E8E-4DFD-83E8-D439DA456F26}.Release|Any CPU.ActiveCfg = Release|Any CPU
		{1CD52557-8E8E-4DFD-83E8-D439DA456F26}.Release|Any CPU.Build.0 = Release|Any CPU
		{DAD06E40-014D-4E9C-A698-9A0AACED030A}.Debug|Any CPU.ActiveCfg = Debug|Any CPU
		{DAD06E40-014D-4E9C-A698-9A0AACED030A}.Debug|Any CPU.Build.0 = Debug|Any CPU
		{DAD06E40-014D-4E9C-A698-9A0AACED030A}.Release|Any CPU.ActiveCfg = Release|Any CPU
		{DAD06E40-014D-4E9C-A698-9A0AACED030A}.Release|Any CPU.Build.0 = Release|Any CPU
		{CFC9C9A0-1E9F-4882-971E-D882A877BA66}.Debug|Any CPU.ActiveCfg = Debug|Any CPU
		{CFC9C9A0-1E9F-4882-971E-D882A877BA66}.Debug|Any CPU.Build.0 = Debug|Any CPU
		{CFC9C9A0-1E9F-4882-971E-D882A877BA66}.Release|Any CPU.ActiveCfg = Release|Any CPU
		{CFC9C9A0-1E9F-4882-971E-D882A877BA66}.Release|Any CPU.Build.0 = Release|Any CPU
		{F1881A59-1FCB-4364-B5BD-D44DC89894CC}.Debug|Any CPU.ActiveCfg = Debug|Any CPU
		{F1881A59-1FCB-4364-B5BD-D44DC89894CC}.Debug|Any CPU.Build.0 = Debug|Any CPU
		{F1881A59-1FCB-4364-B5BD-D44DC89894CC}.Release|Any CPU.ActiveCfg = Release|Any CPU
		{F1881A59-1FCB-4364-B5BD-D44DC89894CC}.Release|Any CPU.Build.0 = Release|Any CPU
		{69657986-2662-4787-9122-87F1D4B6A917}.Debug|Any CPU.ActiveCfg = Debug|Any CPU
		{69657986-2662-4787-9122-87F1D4B6A917}.Debug|Any CPU.Build.0 = Debug|Any CPU
		{69657986-2662-4787-9122-87F1D4B6A917}.Release|Any CPU.ActiveCfg = Release|Any CPU
		{69657986-2662-4787-9122-87F1D4B6A917}.Release|Any CPU.Build.0 = Release|Any CPU
	EndGlobalSection
	GlobalSection(SolutionProperties) = preSolution
		HideSolutionNode = FALSE
	EndGlobalSection
	GlobalSection(NestedProjects) = preSolution
		{69A66FD1-A28E-4E46-AB7D-4E6339F05C53} = {03BD4607-E2B8-4BF8-A06C-E1C7A48F9A8A}
		{ABF4D755-038B-475B-ABBD-4BAA113E599E} = {5B7FDF11-6B15-48CA-898B-6C1E40C3FC47}
		{E3B92AD0-9DA0-439B-AEAD-DDC105D9EBC0} = {5B7FDF11-6B15-48CA-898B-6C1E40C3FC47}
		{5456A9E1-BA7D-4BF5-A0D7-6B37FA0B4E6B} = {5B7FDF11-6B15-48CA-898B-6C1E40C3FC47}
		{DFFB0E3D-E949-4BBE-B520-2DB30C6E8899} = {03BD4607-E2B8-4BF8-A06C-E1C7A48F9A8A}
		{3E8BC176-62EE-49F2-98A8-3FFD7AE3F4C8} = {03BD4607-E2B8-4BF8-A06C-E1C7A48F9A8A}
		{4820C0C9-7F0E-4069-8738-4F5232096999} = {03BD4607-E2B8-4BF8-A06C-E1C7A48F9A8A}
		{3D5134B3-4486-4AC8-9429-B2288F12A74D} = {DA1177B1-3BCB-4BEC-BD37-34460A5D5FC3}
		{2E96E67F-6BAA-40E3-8DE5-F781730CB22E} = {DA1177B1-3BCB-4BEC-BD37-34460A5D5FC3}
		{DF1DFCBB-79BB-470A-A1BE-5E731043717F} = {DA1177B1-3BCB-4BEC-BD37-34460A5D5FC3}
		{5019E37D-5FF3-4D47-ADBD-B657B7D3E185} = {DA1177B1-3BCB-4BEC-BD37-34460A5D5FC3}
		{EA10DD4D-2012-4B94-81AA-7D1F003B5D5B} = {DA1177B1-3BCB-4BEC-BD37-34460A5D5FC3}
		{F0D4321A-7549-4F22-B689-67F486CA305A} = {DA1177B1-3BCB-4BEC-BD37-34460A5D5FC3}
		{1CD52557-8E8E-4DFD-83E8-D439DA456F26} = {DA1177B1-3BCB-4BEC-BD37-34460A5D5FC3}
		{DAD06E40-014D-4E9C-A698-9A0AACED030A} = {5B7FDF11-6B15-48CA-898B-6C1E40C3FC47}
		{CFC9C9A0-1E9F-4882-971E-D882A877BA66} = {DA1177B1-3BCB-4BEC-BD37-34460A5D5FC3}
		{F1881A59-1FCB-4364-B5BD-D44DC89894CC} = {03BD4607-E2B8-4BF8-A06C-E1C7A48F9A8A}
		{69657986-2662-4787-9122-87F1D4B6A917} = {03BD4607-E2B8-4BF8-A06C-E1C7A48F9A8A}
	EndGlobalSection
	GlobalSection(ExtensibilityGlobals) = postSolution
		SolutionGuid = {CFBD5A81-AC64-43E6-9E0F-198C09ACD65A}
	EndGlobalSection
EndGlobal
