
Microsoft Visual Studio Solution File, Format Version 12.00
# Visual Studio Version 17
VisualStudioVersion = 17.10.35201.131
MinimumVisualStudioVersion = 10.0.40219.1
Project("{9A19103F-16F7-4668-BE54-9A1E7A4F7556}") = "CortezosWorkshop", "CortezosWorkshop\CortezosWorkshop.csproj", "{5139E855-1377-41A4-A65E-3AB501373D8D}"
EndProject
Project("{9A19103F-16F7-4668-BE54-9A1E7A4F7556}") = "1-Entities", "1-Entities\1-Entities.csproj", "{DC58EA78-6B85-432B-9F6D-7ED679B0C171}"
EndProject
Project("{9A19103F-16F7-4668-BE54-9A1E7A4F7556}") = "2-Services", "2-Services\2-Services.csproj", "{C2471840-6F8B-4F98-91FF-6AE9153B81FE}"
EndProject
Project("{9A19103F-16F7-4668-BE54-9A1E7A4F7556}") = "3-Data", "3-Data\3-Data.csproj", "{74C609BB-1561-4310-AB89-06525F192782}"
EndProject
Project("{9A19103F-16F7-4668-BE54-9A1E7A4F7556}") = "3-Repository", "3-Repository\3-Repository.csproj", "{314F178B-A5E2-464B-9093-0BF40BADB457}"
EndProject
Project("{9A19103F-16F7-4668-BE54-9A1E7A4F7556}") = "3-Presenters", "3-Presenters\3-Presenters.csproj", "{AD2E857E-A438-4E96-8DA9-2DB38DAE229E}"
EndProject
Project("{FAE04EC0-301F-11D3-BF4B-00C04F79EFBC}") = "3-Mappers", "3-Mappers\3-Mappers.csproj", "{68182962-630A-4C64-9151-72E63A7D3044}"
EndProject
Global
	GlobalSection(SolutionConfigurationPlatforms) = preSolution
		Debug|Any CPU = Debug|Any CPU
		Release|Any CPU = Release|Any CPU
	EndGlobalSection
	GlobalSection(ProjectConfigurationPlatforms) = postSolution
		{5139E855-1377-41A4-A65E-3AB501373D8D}.Debug|Any CPU.ActiveCfg = Debug|Any CPU
		{5139E855-1377-41A4-A65E-3AB501373D8D}.Debug|Any CPU.Build.0 = Debug|Any CPU
		{5139E855-1377-41A4-A65E-3AB501373D8D}.Release|Any CPU.ActiveCfg = Release|Any CPU
		{5139E855-1377-41A4-A65E-3AB501373D8D}.Release|Any CPU.Build.0 = Release|Any CPU
		{DC58EA78-6B85-432B-9F6D-7ED679B0C171}.Debug|Any CPU.ActiveCfg = Debug|Any CPU
		{DC58EA78-6B85-432B-9F6D-7ED679B0C171}.Debug|Any CPU.Build.0 = Debug|Any CPU
		{DC58EA78-6B85-432B-9F6D-7ED679B0C171}.Release|Any CPU.ActiveCfg = Release|Any CPU
		{DC58EA78-6B85-432B-9F6D-7ED679B0C171}.Release|Any CPU.Build.0 = Release|Any CPU
		{C2471840-6F8B-4F98-91FF-6AE9153B81FE}.Debug|Any CPU.ActiveCfg = Debug|Any CPU
		{C2471840-6F8B-4F98-91FF-6AE9153B81FE}.Debug|Any CPU.Build.0 = Debug|Any CPU
		{C2471840-6F8B-4F98-91FF-6AE9153B81FE}.Release|Any CPU.ActiveCfg = Release|Any CPU
		{C2471840-6F8B-4F98-91FF-6AE9153B81FE}.Release|Any CPU.Build.0 = Release|Any CPU
		{74C609BB-1561-4310-AB89-06525F192782}.Debug|Any CPU.ActiveCfg = Debug|Any CPU
		{74C609BB-1561-4310-AB89-06525F192782}.Debug|Any CPU.Build.0 = Debug|Any CPU
		{74C609BB-1561-4310-AB89-06525F192782}.Release|Any CPU.ActiveCfg = Release|Any CPU
		{74C609BB-1561-4310-AB89-06525F192782}.Release|Any CPU.Build.0 = Release|Any CPU
		{314F178B-A5E2-464B-9093-0BF40BADB457}.Debug|Any CPU.ActiveCfg = Debug|Any CPU
		{314F178B-A5E2-464B-9093-0BF40BADB457}.Debug|Any CPU.Build.0 = Debug|Any CPU
		{314F178B-A5E2-464B-9093-0BF40BADB457}.Release|Any CPU.ActiveCfg = Release|Any CPU
		{314F178B-A5E2-464B-9093-0BF40BADB457}.Release|Any CPU.Build.0 = Release|Any CPU
		{AD2E857E-A438-4E96-8DA9-2DB38DAE229E}.Debug|Any CPU.ActiveCfg = Debug|Any CPU
		{AD2E857E-A438-4E96-8DA9-2DB38DAE229E}.Debug|Any CPU.Build.0 = Debug|Any CPU
		{AD2E857E-A438-4E96-8DA9-2DB38DAE229E}.Release|Any CPU.ActiveCfg = Release|Any CPU
		{AD2E857E-A438-4E96-8DA9-2DB38DAE229E}.Release|Any CPU.Build.0 = Release|Any CPU
		{68182962-630A-4C64-9151-72E63A7D3044}.Debug|Any CPU.ActiveCfg = Debug|Any CPU
		{68182962-630A-4C64-9151-72E63A7D3044}.Debug|Any CPU.Build.0 = Debug|Any CPU
		{68182962-630A-4C64-9151-72E63A7D3044}.Release|Any CPU.ActiveCfg = Release|Any CPU
		{68182962-630A-4C64-9151-72E63A7D3044}.Release|Any CPU.Build.0 = Release|Any CPU
	EndGlobalSection
	GlobalSection(SolutionProperties) = preSolution
		HideSolutionNode = FALSE
	EndGlobalSection
	GlobalSection(ExtensibilityGlobals) = postSolution
		SolutionGuid = {CFBD5A81-AC64-43E6-9E0F-198C09ACD65A}
	EndGlobalSection
EndGlobal
